
Microsoft Visual Studio Solution File, Format Version 12.00
# Visual Studio Version 17
VisualStudioVersion = 17.13.35825.156
MinimumVisualStudioVersion = 10.0.40219.1
Project("{FAE04EC0-301F-11D3-BF4B-00C04F79EFBC}") = "SingleFinite.Essentials", "SingleFinite.Essentials\SingleFinite.Essentials.csproj", "{027FF305-A0C1-4FD2-9F2C-1CE06C3BAE16}"
EndProject
Project("{2150E333-8FDC-42A3-9474-1A3956D46DE8}") = "Solution Items", "Solution Items", "{8EC462FD-D22E-90A8-E5CE-7E832BA40C5D}"
	ProjectSection(SolutionItems) = preProject
		.editorconfig = .editorconfig
		.gitignore = .gitignore
		ICON.png = ICON.png
		LICENSE.txt = LICENSE.txt
		README.md = README.md
	EndProjectSection
EndProject
Project("{FAE04EC0-301F-11D3-BF4B-00C04F79EFBC}") = "SingleFinite.Essentials.UnitTests", "SingleFinite.Essentials.UnitTests\SingleFinite.Essentials.UnitTests.csproj", "{6CFA8D79-9BCC-639F-C423-02A95C7BC8C1}"
EndProject
Global
	GlobalSection(SolutionConfigurationPlatforms) = preSolution
		Debug|Any CPU = Debug|Any CPU
		Release|Any CPU = Release|Any CPU
	EndGlobalSection
	GlobalSection(ProjectConfigurationPlatforms) = postSolution
		{027FF305-A0C1-4FD2-9F2C-1CE06C3BAE16}.Debug|Any CPU.ActiveCfg = Debug|Any CPU
		{027FF305-A0C1-4FD2-9F2C-1CE06C3BAE16}.Debug|Any CPU.Build.0 = Debug|Any CPU
		{027FF305-A0C1-4FD2-9F2C-1CE06C3BAE16}.Release|Any CPU.ActiveCfg = Release|Any CPU
		{027FF305-A0C1-4FD2-9F2C-1CE06C3BAE16}.Release|Any CPU.Build.0 = Release|Any CPU
		{6CFA8D79-9BCC-639F-C423-02A95C7BC8C1}.Debug|Any CPU.ActiveCfg = Debug|Any CPU
		{6CFA8D79-9BCC-639F-C423-02A95C7BC8C1}.Debug|Any CPU.Build.0 = Debug|Any CPU
		{6CFA8D79-9BCC-639F-C423-02A95C7BC8C1}.Release|Any CPU.ActiveCfg = Release|Any CPU
		{6CFA8D79-9BCC-639F-C423-02A95C7BC8C1}.Release|Any CPU.Build.0 = Release|Any CPU
	EndGlobalSection
	GlobalSection(SolutionProperties) = preSolution
		HideSolutionNode = FALSE
	EndGlobalSection
	GlobalSection(ExtensibilityGlobals) = postSolution
		SolutionGuid = {7C457B00-9A18-4067-AC4E-31D114709505}
	EndGlobalSection
EndGlobal
