<Solution>
  <Folder Name="/Solution Items/">
    <File Path=".editorconfig" />
    <File Path=".gitignore" />
    <File Path="ICON.png" />
    <File Path="LICENSE.txt" />
    <File Path="README.md" />
  </Folder>
  <Project Path="SingleFinite.Essentials.UnitTests/SingleFinite.Essentials.UnitTests.csproj" />
  <Project Path="SingleFinite.Essentials/SingleFinite.Essentials.csproj" />
</Solution>
